
Microsoft Visual Studio Solution File, Format Version 12.00
# Visual Studio 2012
Project("{FAE04EC0-301F-11D3-BF4B-00C04F79EFBC}") = "Notnet.Controls", "Notnet.Controls\Notnet.Controls.csproj", "{09548FCD-0FE2-4DB7-8F59-41F2F7B09818}"
EndProject
Project("{FAE04EC0-301F-11D3-BF4B-00C04F79EFBC}") = "Notnet.Controls.iOS", "Notnet.Controls.iOS\Notnet.Controls.iOS.csproj", "{A6BEAA65-40A5-4176-9CED-291CAABE3C40}"
EndProject
Project("{FAE04EC0-301F-11D3-BF4B-00C04F79EFBC}") = "Notnet.Controls.Droid", "Notnet.Controls.Droid\Notnet.Controls.Droid.csproj", "{685AC265-9658-472A-A0FE-6E927A0891D8}"
EndProject
Global
	GlobalSection(SolutionConfigurationPlatforms) = preSolution
		Debug|Any CPU = Debug|Any CPU
		Release|Any CPU = Release|Any CPU
	EndGlobalSection
	GlobalSection(ProjectConfigurationPlatforms) = postSolution
		{09548FCD-0FE2-4DB7-8F59-41F2F7B09818}.Debug|Any CPU.ActiveCfg = Debug|Any CPU
		{09548FCD-0FE2-4DB7-8F59-41F2F7B09818}.Debug|Any CPU.Build.0 = Debug|Any CPU
		{09548FCD-0FE2-4DB7-8F59-41F2F7B09818}.Release|Any CPU.ActiveCfg = Release|Any CPU
		{09548FCD-0FE2-4DB7-8F59-41F2F7B09818}.Release|Any CPU.Build.0 = Release|Any CPU
		{685AC265-9658-472A-A0FE-6E927A0891D8}.Debug|Any CPU.ActiveCfg = Debug|Any CPU
		{685AC265-9658-472A-A0FE-6E927A0891D8}.Debug|Any CPU.Build.0 = Debug|Any CPU
		{685AC265-9658-472A-A0FE-6E927A0891D8}.Release|Any CPU.ActiveCfg = Release|Any CPU
		{685AC265-9658-472A-A0FE-6E927A0891D8}.Release|Any CPU.Build.0 = Release|Any CPU
		{A6BEAA65-40A5-4176-9CED-291CAABE3C40}.Debug|Any CPU.ActiveCfg = Debug|Any CPU
		{A6BEAA65-40A5-4176-9CED-291CAABE3C40}.Debug|Any CPU.Build.0 = Debug|Any CPU
		{A6BEAA65-40A5-4176-9CED-291CAABE3C40}.Release|Any CPU.ActiveCfg = Release|Any CPU
		{A6BEAA65-40A5-4176-9CED-291CAABE3C40}.Release|Any CPU.Build.0 = Release|Any CPU
	EndGlobalSection
EndGlobal
